<Solution>
  <Folder Name="/src/">
    <Project Path="src/SparseFragments/SparseFragments.csproj" />
    <Project Path="src/SparseFragments.Blazor/SparseFragments.Blazor.csproj" />
    <Project Path="src/SparseFragments.Generator/SparseFragments.Generator.csproj" />
    <Project Path="src/SparseFragments.Generator.Shared/SparseFragments.Generator.Shared.csproj" />
  </Folder>
  <Folder Name="/tests/">
    <Project Path="tests/SparseFragments.Tests/SparseFragments.Tests.csproj" />
    <Project Path="tests/SparseFragments.Blazor.Tests/SparseFragments.Blazor.Tests.csproj" />
    <Project Path="tests/SparseFragments.NativeAotSmoke/SparseFragments.NativeAotSmoke.csproj" />
    <Project Path="tests/SparseFragments.NativeAotFixtures/SparseFragments.NativeAotFixtures.csproj" />
    <Project Path="tests/SparseFragments.PublicApi.Tests/SparseFragments.PublicApi.Tests.csproj" />
  </Folder>
  <Folder Name="/benchmarks/">
    <Project Path="benchmarks/SparseFragments.Benchmarks/SparseFragments.Benchmarks.csproj" />
  </Folder>
  <Folder Name="/playground/">
    <Project Path="playground/SparseFragments.Playground/SparseFragments.Playground.csproj" />
  </Folder>
</Solution>
